
Microsoft Visual Studio Solution File, Format Version 12.00
# Visual Studio 15
VisualStudioVersion = 15.0.26124.0
MinimumVisualStudioVersion = 15.0.26124.0
Project("{FAE04EC0-301F-11D3-BF4B-00C04F79EFBC}") = "Photter.Interface.Handlers", "Photter.Interface.Handlers\Photter.Interface.Handlers.csproj", "{FF0EF742-4453-43BA-855F-1B1DC7CEE703}"
EndProject
Project("{FAE04EC0-301F-11D3-BF4B-00C04F79EFBC}") = "Photter.Interface", "Photter.Interface\Photter.Interface.csproj", "{B05684DC-C7EB-4E0B-A6F8-E87C8873C8C7}"
EndProject
Project("{FAE04EC0-301F-11D3-BF4B-00C04F79EFBC}") = "Photter.Core.Synchronization", "Photter.Core.Synchronization\Photter.Core.Synchronization.csproj", "{5BC9082B-2409-46E8-B0E2-B41DF816D5A4}"
EndProject
Project("{FAE04EC0-301F-11D3-BF4B-00C04F79EFBC}") = "Photter.Core.Project", "Photter.Core.Project\Photter.Core.Project.fsproj", "{EE453222-E927-4C12-8F8A-0D6961E44FDE}"
EndProject
Project("{F2A71F9B-5D33-465A-A702-920D77279786}") = "Photter.Core.Config", "Photter.Core.Config\Photter.Core.Config.fsproj", "{A17BD756-2F7D-453D-A7DE-918B60B7C4AA}"
EndProject
Project("{F2A71F9B-5D33-465A-A702-920D77279786}") = "Photter.Infrastructure", "Photter.Infrastructure\Photter.Infrastructure.fsproj", "{2C4DB3AC-6FE8-4F66-8E85-4EB7A1EAFBF0}"
EndProject
Global
	GlobalSection(SolutionConfigurationPlatforms) = preSolution
		Debug|Any CPU = Debug|Any CPU
		Debug|x64 = Debug|x64
		Debug|x86 = Debug|x86
		Release|Any CPU = Release|Any CPU
		Release|x64 = Release|x64
		Release|x86 = Release|x86
	EndGlobalSection
	GlobalSection(SolutionProperties) = preSolution
		HideSolutionNode = FALSE
	EndGlobalSection
	GlobalSection(ProjectConfigurationPlatforms) = postSolution
		{FF0EF742-4453-43BA-855F-1B1DC7CEE703}.Debug|Any CPU.ActiveCfg = Debug|Any CPU
		{FF0EF742-4453-43BA-855F-1B1DC7CEE703}.Debug|Any CPU.Build.0 = Debug|Any CPU
		{FF0EF742-4453-43BA-855F-1B1DC7CEE703}.Debug|x64.ActiveCfg = Debug|Any CPU
		{FF0EF742-4453-43BA-855F-1B1DC7CEE703}.Debug|x64.Build.0 = Debug|Any CPU
		{FF0EF742-4453-43BA-855F-1B1DC7CEE703}.Debug|x86.ActiveCfg = Debug|Any CPU
		{FF0EF742-4453-43BA-855F-1B1DC7CEE703}.Debug|x86.Build.0 = Debug|Any CPU
		{FF0EF742-4453-43BA-855F-1B1DC7CEE703}.Release|Any CPU.ActiveCfg = Release|Any CPU
		{FF0EF742-4453-43BA-855F-1B1DC7CEE703}.Release|Any CPU.Build.0 = Release|Any CPU
		{FF0EF742-4453-43BA-855F-1B1DC7CEE703}.Release|x64.ActiveCfg = Release|Any CPU
		{FF0EF742-4453-43BA-855F-1B1DC7CEE703}.Release|x64.Build.0 = Release|Any CPU
		{FF0EF742-4453-43BA-855F-1B1DC7CEE703}.Release|x86.ActiveCfg = Release|Any CPU
		{FF0EF742-4453-43BA-855F-1B1DC7CEE703}.Release|x86.Build.0 = Release|Any CPU
		{B05684DC-C7EB-4E0B-A6F8-E87C8873C8C7}.Debug|Any CPU.ActiveCfg = Debug|Any CPU
		{B05684DC-C7EB-4E0B-A6F8-E87C8873C8C7}.Debug|Any CPU.Build.0 = Debug|Any CPU
		{B05684DC-C7EB-4E0B-A6F8-E87C8873C8C7}.Debug|x64.ActiveCfg = Debug|Any CPU
		{B05684DC-C7EB-4E0B-A6F8-E87C8873C8C7}.Debug|x64.Build.0 = Debug|Any CPU
		{B05684DC-C7EB-4E0B-A6F8-E87C8873C8C7}.Debug|x86.ActiveCfg = Debug|Any CPU
		{B05684DC-C7EB-4E0B-A6F8-E87C8873C8C7}.Debug|x86.Build.0 = Debug|Any CPU
		{B05684DC-C7EB-4E0B-A6F8-E87C8873C8C7}.Release|Any CPU.ActiveCfg = Release|Any CPU
		{B05684DC-C7EB-4E0B-A6F8-E87C8873C8C7}.Release|Any CPU.Build.0 = Release|Any CPU
		{B05684DC-C7EB-4E0B-A6F8-E87C8873C8C7}.Release|x64.ActiveCfg = Release|Any CPU
		{B05684DC-C7EB-4E0B-A6F8-E87C8873C8C7}.Release|x64.Build.0 = Release|Any CPU
		{B05684DC-C7EB-4E0B-A6F8-E87C8873C8C7}.Release|x86.ActiveCfg = Release|Any CPU
		{B05684DC-C7EB-4E0B-A6F8-E87C8873C8C7}.Release|x86.Build.0 = Release|Any CPU
		{5BC9082B-2409-46E8-B0E2-B41DF816D5A4}.Debug|Any CPU.ActiveCfg = Debug|Any CPU
		{5BC9082B-2409-46E8-B0E2-B41DF816D5A4}.Debug|Any CPU.Build.0 = Debug|Any CPU
		{5BC9082B-2409-46E8-B0E2-B41DF816D5A4}.Debug|x64.ActiveCfg = Debug|Any CPU
		{5BC9082B-2409-46E8-B0E2-B41DF816D5A4}.Debug|x64.Build.0 = Debug|Any CPU
		{5BC9082B-2409-46E8-B0E2-B41DF816D5A4}.Debug|x86.ActiveCfg = Debug|Any CPU
		{5BC9082B-2409-46E8-B0E2-B41DF816D5A4}.Debug|x86.Build.0 = Debug|Any CPU
		{5BC9082B-2409-46E8-B0E2-B41DF816D5A4}.Release|Any CPU.ActiveCfg = Release|Any CPU
		{5BC9082B-2409-46E8-B0E2-B41DF816D5A4}.Release|Any CPU.Build.0 = Release|Any CPU
		{5BC9082B-2409-46E8-B0E2-B41DF816D5A4}.Release|x64.ActiveCfg = Release|Any CPU
		{5BC9082B-2409-46E8-B0E2-B41DF816D5A4}.Release|x64.Build.0 = Release|Any CPU
		{5BC9082B-2409-46E8-B0E2-B41DF816D5A4}.Release|x86.ActiveCfg = Release|Any CPU
		{5BC9082B-2409-46E8-B0E2-B41DF816D5A4}.Release|x86.Build.0 = Release|Any CPU
		{EE453222-E927-4C12-8F8A-0D6961E44FDE}.Debug|Any CPU.ActiveCfg = Debug|Any CPU
		{EE453222-E927-4C12-8F8A-0D6961E44FDE}.Debug|Any CPU.Build.0 = Debug|Any CPU
		{EE453222-E927-4C12-8F8A-0D6961E44FDE}.Debug|x64.ActiveCfg = Debug|Any CPU
		{EE453222-E927-4C12-8F8A-0D6961E44FDE}.Debug|x64.Build.0 = Debug|Any CPU
		{EE453222-E927-4C12-8F8A-0D6961E44FDE}.Debug|x86.ActiveCfg = Debug|Any CPU
		{EE453222-E927-4C12-8F8A-0D6961E44FDE}.Debug|x86.Build.0 = Debug|Any CPU
		{EE453222-E927-4C12-8F8A-0D6961E44FDE}.Release|Any CPU.ActiveCfg = Release|Any CPU
		{EE453222-E927-4C12-8F8A-0D6961E44FDE}.Release|Any CPU.Build.0 = Release|Any CPU
		{EE453222-E927-4C12-8F8A-0D6961E44FDE}.Release|x64.ActiveCfg = Release|Any CPU
		{EE453222-E927-4C12-8F8A-0D6961E44FDE}.Release|x64.Build.0 = Release|Any CPU
		{EE453222-E927-4C12-8F8A-0D6961E44FDE}.Release|x86.ActiveCfg = Release|Any CPU
		{EE453222-E927-4C12-8F8A-0D6961E44FDE}.Release|x86.Build.0 = Release|Any CPU
		{A17BD756-2F7D-453D-A7DE-918B60B7C4AA}.Debug|Any CPU.ActiveCfg = Debug|Any CPU
		{A17BD756-2F7D-453D-A7DE-918B60B7C4AA}.Debug|Any CPU.Build.0 = Debug|Any CPU
		{A17BD756-2F7D-453D-A7DE-918B60B7C4AA}.Debug|x64.ActiveCfg = Debug|Any CPU
		{A17BD756-2F7D-453D-A7DE-918B60B7C4AA}.Debug|x64.Build.0 = Debug|Any CPU
		{A17BD756-2F7D-453D-A7DE-918B60B7C4AA}.Debug|x86.ActiveCfg = Debug|Any CPU
		{A17BD756-2F7D-453D-A7DE-918B60B7C4AA}.Debug|x86.Build.0 = Debug|Any CPU
		{A17BD756-2F7D-453D-A7DE-918B60B7C4AA}.Release|Any CPU.ActiveCfg = Release|Any CPU
		{A17BD756-2F7D-453D-A7DE-918B60B7C4AA}.Release|Any CPU.Build.0 = Release|Any CPU
		{A17BD756-2F7D-453D-A7DE-918B60B7C4AA}.Release|x64.ActiveCfg = Release|Any CPU
		{A17BD756-2F7D-453D-A7DE-918B60B7C4AA}.Release|x64.Build.0 = Release|Any CPU
		{A17BD756-2F7D-453D-A7DE-918B60B7C4AA}.Release|x86.ActiveCfg = Release|Any CPU
		{A17BD756-2F7D-453D-A7DE-918B60B7C4AA}.Release|x86.Build.0 = Release|Any CPU
		{2C4DB3AC-6FE8-4F66-8E85-4EB7A1EAFBF0}.Debug|Any CPU.ActiveCfg = Debug|Any CPU
		{2C4DB3AC-6FE8-4F66-8E85-4EB7A1EAFBF0}.Debug|Any CPU.Build.0 = Debug|Any CPU
		{2C4DB3AC-6FE8-4F66-8E85-4EB7A1EAFBF0}.Debug|x64.ActiveCfg = Debug|Any CPU
		{2C4DB3AC-6FE8-4F66-8E85-4EB7A1EAFBF0}.Debug|x64.Build.0 = Debug|Any CPU
		{2C4DB3AC-6FE8-4F66-8E85-4EB7A1EAFBF0}.Debug|x86.ActiveCfg = Debug|Any CPU
		{2C4DB3AC-6FE8-4F66-8E85-4EB7A1EAFBF0}.Debug|x86.Build.0 = Debug|Any CPU
		{2C4DB3AC-6FE8-4F66-8E85-4EB7A1EAFBF0}.Release|Any CPU.ActiveCfg = Release|Any CPU
		{2C4DB3AC-6FE8-4F66-8E85-4EB7A1EAFBF0}.Release|Any CPU.Build.0 = Release|Any CPU
		{2C4DB3AC-6FE8-4F66-8E85-4EB7A1EAFBF0}.Release|x64.ActiveCfg = Release|Any CPU
		{2C4DB3AC-6FE8-4F66-8E85-4EB7A1EAFBF0}.Release|x64.Build.0 = Release|Any CPU
		{2C4DB3AC-6FE8-4F66-8E85-4EB7A1EAFBF0}.Release|x86.ActiveCfg = Release|Any CPU
		{2C4DB3AC-6FE8-4F66-8E85-4EB7A1EAFBF0}.Release|x86.Build.0 = Release|Any CPU
	EndGlobalSection
EndGlobal
