
Microsoft Visual Studio Solution File, Format Version 12.00
# Visual Studio 15
VisualStudioVersion = 15.0.26124.0
MinimumVisualStudioVersion = 15.0.26124.0
Project("{FAE04EC0-301F-11D3-BF4B-00C04F79EFBC}") = "Photter.Persistance", "Photter.Persistance\Photter.Persistance.csproj", "{8A00D54B-BEFA-493B-98E1-C3A364330CA6}"
EndProject
Project("{FAE04EC0-301F-11D3-BF4B-00C04F79EFBC}") = "Photter.Configs", "Photter.Configs\Photter.Configs.csproj", "{E1C4B036-A218-415F-B523-C5634251E4FE}"
EndProject
Project("{FAE04EC0-301F-11D3-BF4B-00C04F79EFBC}") = "Photter.Interface.Handlers", "Photter.Interface.Handlers\Photter.Interface.Handlers.csproj", "{FF0EF742-4453-43BA-855F-1B1DC7CEE703}"
EndProject
Project("{FAE04EC0-301F-11D3-BF4B-00C04F79EFBC}") = "Photter.Infrastructure", "Photter.Infrastructure\Photter.Infrastructure.csproj", "{08196C6F-FFCC-40E9-A0FD-27A1F73D66BE}"
EndProject
Project("{FAE04EC0-301F-11D3-BF4B-00C04F79EFBC}") = "Photter.Interface", "Photter.Interface\Photter.Interface.csproj", "{B05684DC-C7EB-4E0B-A6F8-E87C8873C8C7}"
EndProject
Project("{FAE04EC0-301F-11D3-BF4B-00C04F79EFBC}") = "Photter.Domain", "Photter.Domain\Photter.Domain.csproj", "{B232C8A6-9CF4-41F8-AE7E-56F452441E46}"
EndProject
Global
	GlobalSection(SolutionConfigurationPlatforms) = preSolution
		Debug|Any CPU = Debug|Any CPU
		Debug|x64 = Debug|x64
		Debug|x86 = Debug|x86
		Release|Any CPU = Release|Any CPU
		Release|x64 = Release|x64
		Release|x86 = Release|x86
	EndGlobalSection
	GlobalSection(SolutionProperties) = preSolution
		HideSolutionNode = FALSE
	EndGlobalSection
	GlobalSection(ProjectConfigurationPlatforms) = postSolution
		{8A00D54B-BEFA-493B-98E1-C3A364330CA6}.Debug|Any CPU.ActiveCfg = Debug|Any CPU
		{8A00D54B-BEFA-493B-98E1-C3A364330CA6}.Debug|Any CPU.Build.0 = Debug|Any CPU
		{8A00D54B-BEFA-493B-98E1-C3A364330CA6}.Debug|x64.ActiveCfg = Debug|Any CPU
		{8A00D54B-BEFA-493B-98E1-C3A364330CA6}.Debug|x64.Build.0 = Debug|Any CPU
		{8A00D54B-BEFA-493B-98E1-C3A364330CA6}.Debug|x86.ActiveCfg = Debug|Any CPU
		{8A00D54B-BEFA-493B-98E1-C3A364330CA6}.Debug|x86.Build.0 = Debug|Any CPU
		{8A00D54B-BEFA-493B-98E1-C3A364330CA6}.Release|Any CPU.ActiveCfg = Release|Any CPU
		{8A00D54B-BEFA-493B-98E1-C3A364330CA6}.Release|Any CPU.Build.0 = Release|Any CPU
		{8A00D54B-BEFA-493B-98E1-C3A364330CA6}.Release|x64.ActiveCfg = Release|Any CPU
		{8A00D54B-BEFA-493B-98E1-C3A364330CA6}.Release|x64.Build.0 = Release|Any CPU
		{8A00D54B-BEFA-493B-98E1-C3A364330CA6}.Release|x86.ActiveCfg = Release|Any CPU
		{8A00D54B-BEFA-493B-98E1-C3A364330CA6}.Release|x86.Build.0 = Release|Any CPU
		{E1C4B036-A218-415F-B523-C5634251E4FE}.Debug|Any CPU.ActiveCfg = Debug|Any CPU
		{E1C4B036-A218-415F-B523-C5634251E4FE}.Debug|Any CPU.Build.0 = Debug|Any CPU
		{E1C4B036-A218-415F-B523-C5634251E4FE}.Debug|x64.ActiveCfg = Debug|Any CPU
		{E1C4B036-A218-415F-B523-C5634251E4FE}.Debug|x64.Build.0 = Debug|Any CPU
		{E1C4B036-A218-415F-B523-C5634251E4FE}.Debug|x86.ActiveCfg = Debug|Any CPU
		{E1C4B036-A218-415F-B523-C5634251E4FE}.Debug|x86.Build.0 = Debug|Any CPU
		{E1C4B036-A218-415F-B523-C5634251E4FE}.Release|Any CPU.ActiveCfg = Release|Any CPU
		{E1C4B036-A218-415F-B523-C5634251E4FE}.Release|Any CPU.Build.0 = Release|Any CPU
		{E1C4B036-A218-415F-B523-C5634251E4FE}.Release|x64.ActiveCfg = Release|Any CPU
		{E1C4B036-A218-415F-B523-C5634251E4FE}.Release|x64.Build.0 = Release|Any CPU
		{E1C4B036-A218-415F-B523-C5634251E4FE}.Release|x86.ActiveCfg = Release|Any CPU
		{E1C4B036-A218-415F-B523-C5634251E4FE}.Release|x86.Build.0 = Release|Any CPU
		{FF0EF742-4453-43BA-855F-1B1DC7CEE703}.Debug|Any CPU.ActiveCfg = Debug|Any CPU
		{FF0EF742-4453-43BA-855F-1B1DC7CEE703}.Debug|Any CPU.Build.0 = Debug|Any CPU
		{FF0EF742-4453-43BA-855F-1B1DC7CEE703}.Debug|x64.ActiveCfg = Debug|Any CPU
		{FF0EF742-4453-43BA-855F-1B1DC7CEE703}.Debug|x64.Build.0 = Debug|Any CPU
		{FF0EF742-4453-43BA-855F-1B1DC7CEE703}.Debug|x86.ActiveCfg = Debug|Any CPU
		{FF0EF742-4453-43BA-855F-1B1DC7CEE703}.Debug|x86.Build.0 = Debug|Any CPU
		{FF0EF742-4453-43BA-855F-1B1DC7CEE703}.Release|Any CPU.ActiveCfg = Release|Any CPU
		{FF0EF742-4453-43BA-855F-1B1DC7CEE703}.Release|Any CPU.Build.0 = Release|Any CPU
		{FF0EF742-4453-43BA-855F-1B1DC7CEE703}.Release|x64.ActiveCfg = Release|Any CPU
		{FF0EF742-4453-43BA-855F-1B1DC7CEE703}.Release|x64.Build.0 = Release|Any CPU
		{FF0EF742-4453-43BA-855F-1B1DC7CEE703}.Release|x86.ActiveCfg = Release|Any CPU
		{FF0EF742-4453-43BA-855F-1B1DC7CEE703}.Release|x86.Build.0 = Release|Any CPU
		{08196C6F-FFCC-40E9-A0FD-27A1F73D66BE}.Debug|Any CPU.ActiveCfg = Debug|Any CPU
		{08196C6F-FFCC-40E9-A0FD-27A1F73D66BE}.Debug|Any CPU.Build.0 = Debug|Any CPU
		{08196C6F-FFCC-40E9-A0FD-27A1F73D66BE}.Debug|x64.ActiveCfg = Debug|Any CPU
		{08196C6F-FFCC-40E9-A0FD-27A1F73D66BE}.Debug|x64.Build.0 = Debug|Any CPU
		{08196C6F-FFCC-40E9-A0FD-27A1F73D66BE}.Debug|x86.ActiveCfg = Debug|Any CPU
		{08196C6F-FFCC-40E9-A0FD-27A1F73D66BE}.Debug|x86.Build.0 = Debug|Any CPU
		{08196C6F-FFCC-40E9-A0FD-27A1F73D66BE}.Release|Any CPU.ActiveCfg = Release|Any CPU
		{08196C6F-FFCC-40E9-A0FD-27A1F73D66BE}.Release|Any CPU.Build.0 = Release|Any CPU
		{08196C6F-FFCC-40E9-A0FD-27A1F73D66BE}.Release|x64.ActiveCfg = Release|Any CPU
		{08196C6F-FFCC-40E9-A0FD-27A1F73D66BE}.Release|x64.Build.0 = Release|Any CPU
		{08196C6F-FFCC-40E9-A0FD-27A1F73D66BE}.Release|x86.ActiveCfg = Release|Any CPU
		{08196C6F-FFCC-40E9-A0FD-27A1F73D66BE}.Release|x86.Build.0 = Release|Any CPU
		{B05684DC-C7EB-4E0B-A6F8-E87C8873C8C7}.Debug|Any CPU.ActiveCfg = Debug|Any CPU
		{B05684DC-C7EB-4E0B-A6F8-E87C8873C8C7}.Debug|Any CPU.Build.0 = Debug|Any CPU
		{B05684DC-C7EB-4E0B-A6F8-E87C8873C8C7}.Debug|x64.ActiveCfg = Debug|Any CPU
		{B05684DC-C7EB-4E0B-A6F8-E87C8873C8C7}.Debug|x64.Build.0 = Debug|Any CPU
		{B05684DC-C7EB-4E0B-A6F8-E87C8873C8C7}.Debug|x86.ActiveCfg = Debug|Any CPU
		{B05684DC-C7EB-4E0B-A6F8-E87C8873C8C7}.Debug|x86.Build.0 = Debug|Any CPU
		{B05684DC-C7EB-4E0B-A6F8-E87C8873C8C7}.Release|Any CPU.ActiveCfg = Release|Any CPU
		{B05684DC-C7EB-4E0B-A6F8-E87C8873C8C7}.Release|Any CPU.Build.0 = Release|Any CPU
		{B05684DC-C7EB-4E0B-A6F8-E87C8873C8C7}.Release|x64.ActiveCfg = Release|Any CPU
		{B05684DC-C7EB-4E0B-A6F8-E87C8873C8C7}.Release|x64.Build.0 = Release|Any CPU
		{B05684DC-C7EB-4E0B-A6F8-E87C8873C8C7}.Release|x86.ActiveCfg = Release|Any CPU
		{B05684DC-C7EB-4E0B-A6F8-E87C8873C8C7}.Release|x86.Build.0 = Release|Any CPU
		{B232C8A6-9CF4-41F8-AE7E-56F452441E46}.Debug|Any CPU.ActiveCfg = Debug|Any CPU
		{B232C8A6-9CF4-41F8-AE7E-56F452441E46}.Debug|Any CPU.Build.0 = Debug|Any CPU
		{B232C8A6-9CF4-41F8-AE7E-56F452441E46}.Debug|x64.ActiveCfg = Debug|Any CPU
		{B232C8A6-9CF4-41F8-AE7E-56F452441E46}.Debug|x64.Build.0 = Debug|Any CPU
		{B232C8A6-9CF4-41F8-AE7E-56F452441E46}.Debug|x86.ActiveCfg = Debug|Any CPU
		{B232C8A6-9CF4-41F8-AE7E-56F452441E46}.Debug|x86.Build.0 = Debug|Any CPU
		{B232C8A6-9CF4-41F8-AE7E-56F452441E46}.Release|Any CPU.ActiveCfg = Release|Any CPU
		{B232C8A6-9CF4-41F8-AE7E-56F452441E46}.Release|Any CPU.Build.0 = Release|Any CPU
		{B232C8A6-9CF4-41F8-AE7E-56F452441E46}.Release|x64.ActiveCfg = Release|Any CPU
		{B232C8A6-9CF4-41F8-AE7E-56F452441E46}.Release|x64.Build.0 = Release|Any CPU
		{B232C8A6-9CF4-41F8-AE7E-56F452441E46}.Release|x86.ActiveCfg = Release|Any CPU
		{B232C8A6-9CF4-41F8-AE7E-56F452441E46}.Release|x86.Build.0 = Release|Any CPU
	EndGlobalSection
EndGlobal
